
Microsoft Visual Studio Solution File, Format Version 12.00
# Visual Studio Version 17
VisualStudioVersion = 17.0.32126.317
MinimumVisualStudioVersion = 10.0.40219.1
Project("{FAE04EC0-301F-11D3-BF4B-00C04F79EFBC}") = "Homework 9.4 Telegram_Bot", "Homework 9.4 Telegram_Bot\Homework 9.4 Telegram_Bot.csproj", "{298A41D1-CFAE-4F23-A942-8C7F73F83086}"
EndProject
Global
	GlobalSection(SolutionConfigurationPlatforms) = preSolution
		Debug|Any CPU = Debug|Any CPU
		Release|Any CPU = Release|Any CPU
	EndGlobalSection
	GlobalSection(ProjectConfigurationPlatforms) = postSolution
		{298A41D1-CFAE-4F23-A942-8C7F73F83086}.Debug|Any CPU.ActiveCfg = Debug|Any CPU
		{298A41D1-CFAE-4F23-A942-8C7F73F83086}.Debug|Any CPU.Build.0 = Debug|Any CPU
		{298A41D1-CFAE-4F23-A942-8C7F73F83086}.Release|Any CPU.ActiveCfg = Release|Any CPU
		{298A41D1-CFAE-4F23-A942-8C7F73F83086}.Release|Any CPU.Build.0 = Release|Any CPU
	EndGlobalSection
	GlobalSection(SolutionProperties) = preSolution
		HideSolutionNode = FALSE
	EndGlobalSection
	GlobalSection(ExtensibilityGlobals) = postSolution
		SolutionGuid = {3FB759D2-4A36-40BD-A7D9-FBA0F90AFC5C}
	EndGlobalSection
EndGlobal
